// !$*UTF8*$!
{
	archiveVersion = 1;
	classes = {
	};
	objectVersion = 77;
	objects = {

/* Begin PBXBuildFile section */
		092730B32DC25AAA00FD7B65 /* ETFEntity+CoreDataClass.swift in Sources */ = {isa = PBXBuildFile; fileRef = 092730B12DC25AAA00FD7B65 /* ETFEntity+CoreDataClass.swift */; };
		092730B42DC25AAA00FD7B65 /* ETFEntity+CoreDataProperties.swift in Sources */ = {isa = PBXBuildFile; fileRef = 092730B22DC25AAA00FD7B65 /* ETFEntity+CoreDataProperties.swift */; };
		092730B72DC25F5B00FD7B65 /* ETFHoldings+CoreDataProperties.swift in Sources */ = {isa = PBXBuildFile; fileRef = 092730B62DC25F5B00FD7B65 /* ETFHoldings+CoreDataProperties.swift */; };
		092730B82DC25F5B00FD7B65 /* ETFHoldings+CoreDataClass.swift in Sources */ = {isa = PBXBuildFile; fileRef = 092730B52DC25F5B00FD7B65 /* ETFHoldings+CoreDataClass.swift */; };
		092730BB2DC279EE00FD7B65 /* ETFPrice+CoreDataProperties.swift in Sources */ = {isa = PBXBuildFile; fileRef = 092730BA2DC279EE00FD7B65 /* ETFPrice+CoreDataProperties.swift */; };
		092730BC2DC279EE00FD7B65 /* ETFPrice+CoreDataClass.swift in Sources */ = {isa = PBXBuildFile; fileRef = 092730B92DC279EE00FD7B65 /* ETFPrice+CoreDataClass.swift */; };
		097331BF2DBF79D30066B4F6 /* CashFlowEntity+CoreDataProperties.swift in Sources */ = {isa = PBXBuildFile; fileRef = 097331BE2DBF79D30066B4F6 /* CashFlowEntity+CoreDataProperties.swift */; };
		097331C02DBF79D30066B4F6 /* CashFlowEntity+CoreDataClass.swift in Sources */ = {isa = PBXBuildFile; fileRef = 097331BD2DBF79D30066B4F6 /* CashFlowEntity+CoreDataClass.swift */; };
		09C400042DBB947B00E0E99C /* BondEntity+CoreDataProperties.swift in Sources */ = {isa = PBXBuildFile; fileRef = 09C400032DBB947B00E0E99C /* BondEntity+CoreDataProperties.swift */; };
		09C400052DBB947B00E0E99C /* BondEntity+CoreDataClass.swift in Sources */ = {isa = PBXBuildFile; fileRef = 09C400022DBB947B00E0E99C /* BondEntity+CoreDataClass.swift */; };
		09D2B4992DCCF105004BE3C3 /* Algorithms in Frameworks */ = {isa = PBXBuildFile; productRef = 09D2B4982DCCF105004BE3C3 /* Algorithms */; };
/* End PBXBuildFile section */

/* Begin PBXContainerItemProxy section */
		098EB4FC2DBE982B008CB539 /* PBXContainerItemProxy */ = {
			isa = PBXContainerItemProxy;
			containerPortal = 0966F60D2DB3FB2600DC7CC7 /* Project object */;
			proxyType = 1;
			remoteGlobalIDString = 0966F6142DB3FB2600DC7CC7;
			remoteInfo = MyBondManager;
		};
/* End PBXContainerItemProxy section */

/* Begin PBXFileReference section */
		092730B12DC25AAA00FD7B65 /* ETFEntity+CoreDataClass.swift */ = {isa = PBXFileReference; lastKnownFileType = sourcecode.swift; path = "ETFEntity+CoreDataClass.swift"; sourceTree = "<group>"; };
		092730B22DC25AAA00FD7B65 /* ETFEntity+CoreDataProperties.swift */ = {isa = PBXFileReference; lastKnownFileType = sourcecode.swift; path = "ETFEntity+CoreDataProperties.swift"; sourceTree = "<group>"; };
		092730B52DC25F5B00FD7B65 /* ETFHoldings+CoreDataClass.swift */ = {isa = PBXFileReference; lastKnownFileType = sourcecode.swift; path = "ETFHoldings+CoreDataClass.swift"; sourceTree = "<group>"; };
		092730B62DC25F5B00FD7B65 /* ETFHoldings+CoreDataProperties.swift */ = {isa = PBXFileReference; lastKnownFileType = sourcecode.swift; path = "ETFHoldings+CoreDataProperties.swift"; sourceTree = "<group>"; };
		092730B92DC279EE00FD7B65 /* ETFPrice+CoreDataClass.swift */ = {isa = PBXFileReference; lastKnownFileType = sourcecode.swift; path = "ETFPrice+CoreDataClass.swift"; sourceTree = "<group>"; };
		092730BA2DC279EE00FD7B65 /* ETFPrice+CoreDataProperties.swift */ = {isa = PBXFileReference; lastKnownFileType = sourcecode.swift; path = "ETFPrice+CoreDataProperties.swift"; sourceTree = "<group>"; };
		0966F6152DB3FB2600DC7CC7 /* MyBondManager.app */ = {isa = PBXFileReference; explicitFileType = wrapper.application; includeInIndex = 0; path = MyBondManager.app; sourceTree = BUILT_PRODUCTS_DIR; };
		097331BD2DBF79D30066B4F6 /* CashFlowEntity+CoreDataClass.swift */ = {isa = PBXFileReference; lastKnownFileType = sourcecode.swift; path = "CashFlowEntity+CoreDataClass.swift"; sourceTree = "<group>"; };
		097331BE2DBF79D30066B4F6 /* CashFlowEntity+CoreDataProperties.swift */ = {isa = PBXFileReference; lastKnownFileType = sourcecode.swift; path = "CashFlowEntity+CoreDataProperties.swift"; sourceTree = "<group>"; };
		098EB4F82DBE982A008CB539 /* MyBondManagerTests.xctest */ = {isa = PBXFileReference; explicitFileType = wrapper.cfbundle; includeInIndex = 0; path = MyBondManagerTests.xctest; sourceTree = BUILT_PRODUCTS_DIR; };
		09C400022DBB947B00E0E99C /* BondEntity+CoreDataClass.swift */ = {isa = PBXFileReference; lastKnownFileType = sourcecode.swift; path = "BondEntity+CoreDataClass.swift"; sourceTree = "<group>"; };
		09C400032DBB947B00E0E99C /* BondEntity+CoreDataProperties.swift */ = {isa = PBXFileReference; lastKnownFileType = sourcecode.swift; path = "BondEntity+CoreDataProperties.swift"; sourceTree = "<group>"; };
/* End PBXFileReference section */

/* Begin PBXFileSystemSynchronizedRootGroup section */
		0966F6172DB3FB2600DC7CC7 /* MyBondManager */ = {
			isa = PBXFileSystemSynchronizedRootGroup;
			path = MyBondManager;
			sourceTree = "<group>";
		};
		098EB4F92DBE982B008CB539 /* MyBondManagerTests */ = {
			isa = PBXFileSystemSynchronizedRootGroup;
			path = MyBondManagerTests;
			sourceTree = "<group>";
		};
/* End PBXFileSystemSynchronizedRootGroup section */

/* Begin PBXFrameworksBuildPhase section */
		0966F6122DB3FB2600DC7CC7 /* Frameworks */ = {
			isa = PBXFrameworksBuildPhase;
			buildActionMask = 2147483647;
			files = (
				09D2B4992DCCF105004BE3C3 /* Algorithms in Frameworks */,
			);
			runOnlyForDeploymentPostprocessing = 0;
		};
		098EB4F52DBE982A008CB539 /* Frameworks */ = {
			isa = PBXFrameworksBuildPhase;
			buildActionMask = 2147483647;
			files = (
			);
			runOnlyForDeploymentPostprocessing = 0;
		};
/* End PBXFrameworksBuildPhase section */

/* Begin PBXGroup section */
		0966F60C2DB3FB2600DC7CC7 = {
			isa = PBXGroup;
			children = (
				092730B92DC279EE00FD7B65 /* ETFPrice+CoreDataClass.swift */,
				092730BA2DC279EE00FD7B65 /* ETFPrice+CoreDataProperties.swift */,
				092730B52DC25F5B00FD7B65 /* ETFHoldings+CoreDataClass.swift */,
				092730B62DC25F5B00FD7B65 /* ETFHoldings+CoreDataProperties.swift */,
				092730B12DC25AAA00FD7B65 /* ETFEntity+CoreDataClass.swift */,
				092730B22DC25AAA00FD7B65 /* ETFEntity+CoreDataProperties.swift */,
				097331BD2DBF79D30066B4F6 /* CashFlowEntity+CoreDataClass.swift */,
				097331BE2DBF79D30066B4F6 /* CashFlowEntity+CoreDataProperties.swift */,
				09C400022DBB947B00E0E99C /* BondEntity+CoreDataClass.swift */,
				09C400032DBB947B00E0E99C /* BondEntity+CoreDataProperties.swift */,
				0966F6172DB3FB2600DC7CC7 /* MyBondManager */,
				098EB4F92DBE982B008CB539 /* MyBondManagerTests */,
				0966F6162DB3FB2600DC7CC7 /* Products */,
			);
			sourceTree = "<group>";
		};
		0966F6162DB3FB2600DC7CC7 /* Products */ = {
			isa = PBXGroup;
			children = (
				0966F6152DB3FB2600DC7CC7 /* MyBondManager.app */,
				098EB4F82DBE982A008CB539 /* MyBondManagerTests.xctest */,
			);
			name = Products;
			sourceTree = "<group>";
		};
/* End PBXGroup section */

/* Begin PBXNativeTarget section */
		0966F6142DB3FB2600DC7CC7 /* MyBondManager */ = {
			isa = PBXNativeTarget;
			buildConfigurationList = 0966F6262DB3FB3000DC7CC7 /* Build configuration list for PBXNativeTarget "MyBondManager" */;
			buildPhases = (
				0966F6112DB3FB2600DC7CC7 /* Sources */,
				0966F6122DB3FB2600DC7CC7 /* Frameworks */,
				0966F6132DB3FB2600DC7CC7 /* Resources */,
			);
			buildRules = (
			);
			dependencies = (
			);
			fileSystemSynchronizedGroups = (
				0966F6172DB3FB2600DC7CC7 /* MyBondManager */,
			);
			name = MyBondManager;
			packageProductDependencies = (
				09D2B4982DCCF105004BE3C3 /* Algorithms */,
			);
			productName = MyBondManager;
			productReference = 0966F6152DB3FB2600DC7CC7 /* MyBondManager.app */;
			productType = "com.apple.product-type.application";
		};
		098EB4F72DBE982A008CB539 /* MyBondManagerTests */ = {
			isa = PBXNativeTarget;
			buildConfigurationList = 098EB5002DBE982B008CB539 /* Build configuration list for PBXNativeTarget "MyBondManagerTests" */;
			buildPhases = (
				098EB4F42DBE982A008CB539 /* Sources */,
				098EB4F52DBE982A008CB539 /* Frameworks */,
				098EB4F62DBE982A008CB539 /* Resources */,
			);
			buildRules = (
			);
			dependencies = (
				098EB4FD2DBE982B008CB539 /* PBXTargetDependency */,
			);
			fileSystemSynchronizedGroups = (
				098EB4F92DBE982B008CB539 /* MyBondManagerTests */,
			);
			name = MyBondManagerTests;
			packageProductDependencies = (
			);
			productName = MyBondManagerTests;
			productReference = 098EB4F82DBE982A008CB539 /* MyBondManagerTests.xctest */;
			productType = "com.apple.product-type.bundle.unit-test";
		};
/* End PBXNativeTarget section */

/* Begin PBXProject section */
		0966F60D2DB3FB2600DC7CC7 /* Project object */ = {
			isa = PBXProject;
			attributes = {
				BuildIndependentTargetsInParallel = 1;
				LastSwiftUpdateCheck = 1630;
				LastUpgradeCheck = 1640;
				TargetAttributes = {
					0966F6142DB3FB2600DC7CC7 = {
						CreatedOnToolsVersion = 16.3;
					};
					098EB4F72DBE982A008CB539 = {
						CreatedOnToolsVersion = 16.3;
						TestTargetID = 0966F6142DB3FB2600DC7CC7;
					};
				};
			};
			buildConfigurationList = 0966F6102DB3FB2600DC7CC7 /* Build configuration list for PBXProject "MyBondManager" */;
			developmentRegion = en;
			hasScannedForEncodings = 0;
			knownRegions = (
				en,
				Base,
			);
			mainGroup = 0966F60C2DB3FB2600DC7CC7;
			minimizedProjectReferenceProxies = 1;
			packageReferences = (
				09D2B4972DCCF105004BE3C3 /* XCRemoteSwiftPackageReference "swift-algorithms" */,
			);
			preferredProjectObjectVersion = 77;
			productRefGroup = 0966F6162DB3FB2600DC7CC7 /* Products */;
			projectDirPath = "";
			projectRoot = "";
			targets = (
				0966F6142DB3FB2600DC7CC7 /* MyBondManager */,
				098EB4F72DBE982A008CB539 /* MyBondManagerTests */,
			);
		};
/* End PBXProject section */

/* Begin PBXResourcesBuildPhase section */
		0966F6132DB3FB2600DC7CC7 /* Resources */ = {
			isa = PBXResourcesBuildPhase;
			buildActionMask = 2147483647;
			files = (
			);
			runOnlyForDeploymentPostprocessing = 0;
		};
		098EB4F62DBE982A008CB539 /* Resources */ = {
			isa = PBXResourcesBuildPhase;
			buildActionMask = 2147483647;
			files = (
			);
			runOnlyForDeploymentPostprocessing = 0;
		};
/* End PBXResourcesBuildPhase section */

/* Begin PBXSourcesBuildPhase section */
		0966F6112DB3FB2600DC7CC7 /* Sources */ = {
			isa = PBXSourcesBuildPhase;
			buildActionMask = 2147483647;
			files = (
				09C400042DBB947B00E0E99C /* BondEntity+CoreDataProperties.swift in Sources */,
				09C400052DBB947B00E0E99C /* BondEntity+CoreDataClass.swift in Sources */,
				092730B72DC25F5B00FD7B65 /* ETFHoldings+CoreDataProperties.swift in Sources */,
				092730B82DC25F5B00FD7B65 /* ETFHoldings+CoreDataClass.swift in Sources */,
				092730BB2DC279EE00FD7B65 /* ETFPrice+CoreDataProperties.swift in Sources */,
				092730BC2DC279EE00FD7B65 /* ETFPrice+CoreDataClass.swift in Sources */,
				092730B32DC25AAA00FD7B65 /* ETFEntity+CoreDataClass.swift in Sources */,
				092730B42DC25AAA00FD7B65 /* ETFEntity+CoreDataProperties.swift in Sources */,
				097331BF2DBF79D30066B4F6 /* CashFlowEntity+CoreDataProperties.swift in Sources */,
				097331C02DBF79D30066B4F6 /* CashFlowEntity+CoreDataClass.swift in Sources */,
			);
			runOnlyForDeploymentPostprocessing = 0;
		};
		098EB4F42DBE982A008CB539 /* Sources */ = {
			isa = PBXSourcesBuildPhase;
			buildActionMask = 2147483647;
			files = (
			);
			runOnlyForDeploymentPostprocessing = 0;
		};
/* End PBXSourcesBuildPhase section */

/* Begin PBXTargetDependency section */
		098EB4FD2DBE982B008CB539 /* PBXTargetDependency */ = {
			isa = PBXTargetDependency;
			target = 0966F6142DB3FB2600DC7CC7 /* MyBondManager */;
			targetProxy = 098EB4FC2DBE982B008CB539 /* PBXContainerItemProxy */;
		};
/* End PBXTargetDependency section */

/* Begin XCBuildConfiguration section */
		0966F6242DB3FB3000DC7CC7 /* Debug */ = {
			isa = XCBuildConfiguration;
			buildSettings = {
				ALWAYS_SEARCH_USER_PATHS = NO;
				ASSETCATALOG_COMPILER_GENERATE_SWIFT_ASSET_SYMBOL_EXTENSIONS = YES;
				CLANG_ANALYZER_NONNULL = YES;
				CLANG_ANALYZER_NUMBER_OBJECT_CONVERSION = YES_AGGRESSIVE;
				CLANG_CXX_LANGUAGE_STANDARD = "gnu++20";
				CLANG_ENABLE_MODULES = YES;
				CLANG_ENABLE_OBJC_ARC = YES;
				CLANG_ENABLE_OBJC_WEAK = YES;
				CLANG_WARN_BLOCK_CAPTURE_AUTORELEASING = YES;
				CLANG_WARN_BOOL_CONVERSION = YES;
				CLANG_WARN_COMMA = YES;
				CLANG_WARN_CONSTANT_CONVERSION = YES;
				CLANG_WARN_DEPRECATED_OBJC_IMPLEMENTATIONS = YES;
				CLANG_WARN_DIRECT_OBJC_ISA_USAGE = YES_ERROR;
				CLANG_WARN_DOCUMENTATION_COMMENTS = YES;
				CLANG_WARN_EMPTY_BODY = YES;
				CLANG_WARN_ENUM_CONVERSION = YES;
				CLANG_WARN_INFINITE_RECURSION = YES;
				CLANG_WARN_INT_CONVERSION = YES;
				CLANG_WARN_NON_LITERAL_NULL_CONVERSION = YES;
				CLANG_WARN_OBJC_IMPLICIT_RETAIN_SELF = YES;
				CLANG_WARN_OBJC_LITERAL_CONVERSION = YES;
				CLANG_WARN_OBJC_ROOT_CLASS = YES_ERROR;
				CLANG_WARN_QUOTED_INCLUDE_IN_FRAMEWORK_HEADER = YES;
				CLANG_WARN_RANGE_LOOP_ANALYSIS = YES;
				CLANG_WARN_STRICT_PROTOTYPES = YES;
				CLANG_WARN_SUSPICIOUS_MOVE = YES;
				CLANG_WARN_UNGUARDED_AVAILABILITY = YES_AGGRESSIVE;
				CLANG_WARN_UNREACHABLE_CODE = YES;
				CLANG_WARN__DUPLICATE_METHOD_MATCH = YES;
				COPY_PHASE_STRIP = NO;
				DEAD_CODE_STRIPPING = YES;
				DEBUG_INFORMATION_FORMAT = dwarf;
				DEVELOPMENT_TEAM = A795JXJL3T;
				ENABLE_STRICT_OBJC_MSGSEND = YES;
				ENABLE_TESTABILITY = YES;
				ENABLE_USER_SCRIPT_SANDBOXING = YES;
				GCC_C_LANGUAGE_STANDARD = gnu17;
				GCC_DYNAMIC_NO_PIC = NO;
				GCC_NO_COMMON_BLOCKS = YES;
				GCC_OPTIMIZATION_LEVEL = 0;
				GCC_PREPROCESSOR_DEFINITIONS = (
					"DEBUG=1",
					"$(inherited)",
				);
				GCC_WARN_64_TO_32_BIT_CONVERSION = YES;
				GCC_WARN_ABOUT_RETURN_TYPE = YES_ERROR;
				GCC_WARN_UNDECLARED_SELECTOR = YES;
				GCC_WARN_UNINITIALIZED_AUTOS = YES_AGGRESSIVE;
				GCC_WARN_UNUSED_FUNCTION = YES;
				GCC_WARN_UNUSED_VARIABLE = YES;
				LOCALIZATION_PREFERS_STRING_CATALOGS = YES;
				MACOSX_DEPLOYMENT_TARGET = 15.0;
				MTL_ENABLE_DEBUG_INFO = INCLUDE_SOURCE;
				MTL_FAST_MATH = YES;
				ONLY_ACTIVE_ARCH = YES;
				SDKROOT = macosx;
				SWIFT_ACTIVE_COMPILATION_CONDITIONS = "DEBUG $(inherited)";
				SWIFT_OPTIMIZATION_LEVEL = "-Onone";
			};
			name = Debug;
		};
		0966F6252DB3FB3000DC7CC7 /* Release */ = {
			isa = XCBuildConfiguration;
			buildSettings = {
				ALWAYS_SEARCH_USER_PATHS = NO;
				ASSETCATALOG_COMPILER_GENERATE_SWIFT_ASSET_SYMBOL_EXTENSIONS = YES;
				CLANG_ANALYZER_NONNULL = YES;
				CLANG_ANALYZER_NUMBER_OBJECT_CONVERSION = YES_AGGRESSIVE;
				CLANG_CXX_LANGUAGE_STANDARD = "gnu++20";
				CLANG_ENABLE_MODULES = YES;
				CLANG_ENABLE_OBJC_ARC = YES;
				CLANG_ENABLE_OBJC_WEAK = YES;
				CLANG_WARN_BLOCK_CAPTURE_AUTORELEASING = YES;
				CLANG_WARN_BOOL_CONVERSION = YES;
				CLANG_WARN_COMMA = YES;
				CLANG_WARN_CONSTANT_CONVERSION = YES;
				CLANG_WARN_DEPRECATED_OBJC_IMPLEMENTATIONS = YES;
				CLANG_WARN_DIRECT_OBJC_ISA_USAGE = YES_ERROR;
				CLANG_WARN_DOCUMENTATION_COMMENTS = YES;
				CLANG_WARN_EMPTY_BODY = YES;
				CLANG_WARN_ENUM_CONVERSION = YES;
				CLANG_WARN_INFINITE_RECURSION = YES;
				CLANG_WARN_INT_CONVERSION = YES;
				CLANG_WARN_NON_LITERAL_NULL_CONVERSION = YES;
				CLANG_WARN_OBJC_IMPLICIT_RETAIN_SELF = YES;
				CLANG_WARN_OBJC_LITERAL_CONVERSION = YES;
				CLANG_WARN_OBJC_ROOT_CLASS = YES_ERROR;
				CLANG_WARN_QUOTED_INCLUDE_IN_FRAMEWORK_HEADER = YES;
				CLANG_WARN_RANGE_LOOP_ANALYSIS = YES;
				CLANG_WARN_STRICT_PROTOTYPES = YES;
				CLANG_WARN_SUSPICIOUS_MOVE = YES;
				CLANG_WARN_UNGUARDED_AVAILABILITY = YES_AGGRESSIVE;
				CLANG_WARN_UNREACHABLE_CODE = YES;
				CLANG_WARN__DUPLICATE_METHOD_MATCH = YES;
				COPY_PHASE_STRIP = NO;
				DEAD_CODE_STRIPPING = YES;
				DEBUG_INFORMATION_FORMAT = "dwarf-with-dsym";
				DEVELOPMENT_TEAM = A795JXJL3T;
				ENABLE_NS_ASSERTIONS = NO;
				ENABLE_STRICT_OBJC_MSGSEND = YES;
				ENABLE_USER_SCRIPT_SANDBOXING = YES;
				GCC_C_LANGUAGE_STANDARD = gnu17;
				GCC_NO_COMMON_BLOCKS = YES;
				GCC_WARN_64_TO_32_BIT_CONVERSION = YES;
				GCC_WARN_ABOUT_RETURN_TYPE = YES_ERROR;
				GCC_WARN_UNDECLARED_SELECTOR = YES;
				GCC_WARN_UNINITIALIZED_AUTOS = YES_AGGRESSIVE;
				GCC_WARN_UNUSED_FUNCTION = YES;
				GCC_WARN_UNUSED_VARIABLE = YES;
				LOCALIZATION_PREFERS_STRING_CATALOGS = YES;
				MACOSX_DEPLOYMENT_TARGET = 15.0;
				MTL_ENABLE_DEBUG_INFO = NO;
				MTL_FAST_MATH = YES;
				SDKROOT = macosx;
				SWIFT_COMPILATION_MODE = wholemodule;
			};
			name = Release;
		};
		0966F6272DB3FB3000DC7CC7 /* Debug */ = {
			isa = XCBuildConfiguration;
			buildSettings = {
				ASSETCATALOG_COMPILER_APPICON_NAME = AppIcon;
				ASSETCATALOG_COMPILER_GLOBAL_ACCENT_COLOR_NAME = AccentColor;
				ASSETCATALOG_COMPILER_INCLUDE_ALL_APPICON_ASSETS = YES;
				CODE_SIGN_ENTITLEMENTS = MyBondManager/MyBondManager.entitlements;
				"CODE_SIGN_IDENTITY[sdk=macosx*]" = "Apple Development";
				CODE_SIGN_STYLE = Automatic;
				COMBINE_HIDPI_IMAGES = YES;
				CURRENT_PROJECT_VERSION = 1;
				DEAD_CODE_STRIPPING = YES;
				DEVELOPMENT_TEAM = A795JXJL3T;
				ENABLE_HARDENED_RUNTIME = YES;
				ENABLE_PREVIEWS = YES;
				GENERATE_INFOPLIST_FILE = YES;
				INFOPLIST_KEY_CFBundleDisplayName = MyBondManager;
				INFOPLIST_KEY_LSApplicationCategoryType = "public.app-category.finance";
				INFOPLIST_KEY_NSHumanReadableCopyright = "";
				LD_RUNPATH_SEARCH_PATHS = (
					"$(inherited)",
					"@executable_path/../Frameworks",
				);
				MACOSX_DEPLOYMENT_TARGET = 15.0;
				MARKETING_VERSION = 2.0;
				PRODUCT_BUNDLE_IDENTIFIER = ddabdul.MyBondManager;
				PRODUCT_NAME = "$(TARGET_NAME)";
				REGISTER_APP_GROUPS = YES;
				SWIFT_EMIT_LOC_STRINGS = YES;
				SWIFT_VERSION = 5.0;
			};
			name = Debug;
		};
		0966F6282DB3FB3000DC7CC7 /* Release */ = {
			isa = XCBuildConfiguration;
			buildSettings = {
				ASSETCATALOG_COMPILER_APPICON_NAME = AppIcon;
				ASSETCATALOG_COMPILER_GLOBAL_ACCENT_COLOR_NAME = AccentColor;
				ASSETCATALOG_COMPILER_INCLUDE_ALL_APPICON_ASSETS = YES;
				CODE_SIGN_ENTITLEMENTS = MyBondManager/MyBondManager.entitlements;
				"CODE_SIGN_IDENTITY[sdk=macosx*]" = "-";
				CODE_SIGN_STYLE = Automatic;
				COMBINE_HIDPI_IMAGES = YES;
				CURRENT_PROJECT_VERSION = 1;
				DEAD_CODE_STRIPPING = YES;
				DEVELOPMENT_TEAM = A795JXJL3T;
				ENABLE_HARDENED_RUNTIME = YES;
				ENABLE_PREVIEWS = YES;
				GENERATE_INFOPLIST_FILE = YES;
				INFOPLIST_KEY_CFBundleDisplayName = MyBondManager;
				INFOPLIST_KEY_LSApplicationCategoryType = "public.app-category.finance";
				INFOPLIST_KEY_NSHumanReadableCopyright = "";
				LD_RUNPATH_SEARCH_PATHS = (
					"$(inherited)",
					"@executable_path/../Frameworks",
				);
				MACOSX_DEPLOYMENT_TARGET = 15.0;
				MARKETING_VERSION = 2.0;
				PRODUCT_BUNDLE_IDENTIFIER = ddabdul.MyBondManager;
				PRODUCT_NAME = "$(TARGET_NAME)";
				REGISTER_APP_GROUPS = YES;
				SWIFT_EMIT_LOC_STRINGS = YES;
				SWIFT_VERSION = 5.0;
			};
			name = Release;
		};
		098EB4FE2DBE982B008CB539 /* Debug */ = {
			isa = XCBuildConfiguration;
			buildSettings = {
				BUNDLE_LOADER = "$(TEST_HOST)";
				CODE_SIGN_STYLE = Automatic;
				CURRENT_PROJECT_VERSION = 1;
				DEAD_CODE_STRIPPING = YES;
				DEVELOPMENT_TEAM = A795JXJL3T;
				GENERATE_INFOPLIST_FILE = YES;
				MARKETING_VERSION = 1.0;
				PRODUCT_BUNDLE_IDENTIFIER = ddabdul.MyBondManagerTests;
				PRODUCT_NAME = "$(TARGET_NAME)";
				SWIFT_EMIT_LOC_STRINGS = NO;
				SWIFT_VERSION = 5.0;
				TEST_HOST = "$(BUILT_PRODUCTS_DIR)/MyBondManager.app/$(BUNDLE_EXECUTABLE_FOLDER_PATH)/MyBondManager";
			};
			name = Debug;
		};
		098EB4FF2DBE982B008CB539 /* Release */ = {
			isa = XCBuildConfiguration;
			buildSettings = {
				BUNDLE_LOADER = "$(TEST_HOST)";
				CODE_SIGN_STYLE = Automatic;
				CURRENT_PROJECT_VERSION = 1;
				DEAD_CODE_STRIPPING = YES;
				DEVELOPMENT_TEAM = A795JXJL3T;
				GENERATE_INFOPLIST_FILE = YES;
				MARKETING_VERSION = 1.0;
				PRODUCT_BUNDLE_IDENTIFIER = ddabdul.MyBondManagerTests;
				PRODUCT_NAME = "$(TARGET_NAME)";
				SWIFT_EMIT_LOC_STRINGS = NO;
				SWIFT_VERSION = 5.0;
				TEST_HOST = "$(BUILT_PRODUCTS_DIR)/MyBondManager.app/$(BUNDLE_EXECUTABLE_FOLDER_PATH)/MyBondManager";
			};
			name = Release;
		};
/* End XCBuildConfiguration section */

/* Begin XCConfigurationList section */
		0966F6102DB3FB2600DC7CC7 /* Build configuration list for PBXProject "MyBondManager" */ = {
			isa = XCConfigurationList;
			buildConfigurations = (
				0966F6242DB3FB3000DC7CC7 /* Debug */,
				0966F6252DB3FB3000DC7CC7 /* Release */,
			);
			defaultConfigurationIsVisible = 0;
			defaultConfigurationName = Release;
		};
		0966F6262DB3FB3000DC7CC7 /* Build configuration list for PBXNativeTarget "MyBondManager" */ = {
			isa = XCConfigurationList;
			buildConfigurations = (
				0966F6272DB3FB3000DC7CC7 /* Debug */,
				0966F6282DB3FB3000DC7CC7 /* Release */,
			);
			defaultConfigurationIsVisible = 0;
			defaultConfigurationName = Release;
		};
		098EB5002DBE982B008CB539 /* Build configuration list for PBXNativeTarget "MyBondManagerTests" */ = {
			isa = XCConfigurationList;
			buildConfigurations = (
				098EB4FE2DBE982B008CB539 /* Debug */,
				098EB4FF2DBE982B008CB539 /* Release */,
			);
			defaultConfigurationIsVisible = 0;
			defaultConfigurationName = Release;
		};
/* End XCConfigurationList section */

/* Begin XCRemoteSwiftPackageReference section */
		09D2B4972DCCF105004BE3C3 /* XCRemoteSwiftPackageReference "swift-algorithms" */ = {
			isa = XCRemoteSwiftPackageReference;
			repositoryURL = "https://github.com/apple/swift-algorithms.git";
			requirement = {
				kind = upToNextMajorVersion;
				minimumVersion = 1.2.1;
			};
		};
/* End XCRemoteSwiftPackageReference section */

/* Begin XCSwiftPackageProductDependency section */
		09D2B4982DCCF105004BE3C3 /* Algorithms */ = {
			isa = XCSwiftPackageProductDependency;
			package = 09D2B4972DCCF105004BE3C3 /* XCRemoteSwiftPackageReference "swift-algorithms" */;
			productName = Algorithms;
		};
/* End XCSwiftPackageProductDependency section */
	};
	rootObject = 0966F60D2DB3FB2600DC7CC7 /* Project object */;
}
